github.com/golang/glog v1.2.0 h1:uCdmnmatrKCgMBlM4rMuJZWOkPDqdbZPnrMXDY4gI68=
github.com/golang/glog v1.2.0/go.mod h1:6AhwSGph0fcJtXVM/PEHPqZlFeoLxhs7/t5UDAwmO+w=
github.com/google/differential-privacy/go/v3 v3.0.0-20240306213115-7126f6194117 h1:yoWADpdysRF9xeFv26wIuc0YEr3o1nmsTmTqWX+C4vI=
github.com/google/differential-privacy/go/v3 v3.0.0-20240306213115-7126f6194117/go.mod h1:7msb8H86cI/WUa9cu6hJaGRd5db/3s/zAQbVHb5lCTc=
github.com/google/differential-privacy/go/v3 v3.0.0 h1:tZI3vVuQg4rv/X36JUFE6ltlk53QzMk0wiVG5QAy1Ps=
github.com/google/differential-privacy/go/v3 v3.0.0/go.mod h1:oSU4a+FIQT0sMNW7oFoTyDCO5+Asv+YYrT/G4b9c/RQ=
github.com/google/go-cmp v0.6.0 h1:ofyhxvXcZhMsU5ulbFiLKl/XBFqE1GSq7atu8tAmTRI=
github.com/google/go-cmp v0.6.0/go.mod h1:17dUlkBOakJ0+DkrSSNjCkIjxS6bF9zb3elmeNGIjoY=
golang.org/x/exp v0.0.0-20240222234643-814bf88cf225 h1:LfspQV/FYTatPTr/3HzIcmiUFH7PGP+OQ6mgDYo3yuQ=
golang.org/x/exp v0.0.0-20240222234643-814bf88cf225/go.mod h1:CxmFvTBINI24O/j8iY7H1xHzx2i4OsyguNBmN/uPtqc=
gonum.org/v1/gonum v0.14.0 h1:2NiG67LD1tEH0D7kM+ps2V+fXmsAnpUeec7n8tcr4S0=
gonum.org/v1/gonum v0.14.0/go.mod h1:AoWeoz0becf9QMWtE8iWXNXc27fK4fNeHNf/oMejGfU=